
Microsoft Visual Studio Solution File, Format Version 12.00
# Visual Studio 15
VisualStudioVersion = 15.0.28307.1169
MinimumVisualStudioVersion = 10.0.40219.1
Project("{FAE04EC0-301F-11D3-BF4B-00C04F79EFBC}") = "Commonwealth", "Commonwealth.csproj", "{FC592572-D269-4D18-B893-49DC14ECD29B}"
EndProject
Global
	GlobalSection(SolutionConfigurationPlatforms) = preSolution
		Debug|Any CPU = Debug|Any CPU
		Release|Any CPU = Release|Any CPU
	EndGlobalSection
	GlobalSection(ProjectConfigurationPlatforms) = postSolution
		{FC592572-D269-4D18-B893-49DC14ECD29B}.Debug|Any CPU.ActiveCfg = Debug|Any CPU
		{FC592572-D269-4D18-B893-49DC14ECD29B}.Debug|Any CPU.Build.0 = Debug|Any CPU
		{FC592572-D269-4D18-B893-49DC14ECD29B}.Release|Any CPU.ActiveCfg = Release|Any CPU
		{FC592572-D269-4D18-B893-49DC14ECD29B}.Release|Any CPU.Build.0 = Release|Any CPU
	EndGlobalSection
	GlobalSection(SolutionProperties) = preSolution
		HideSolutionNode = FALSE
	EndGlobalSection
	GlobalSection(ExtensibilityGlobals) = postSolution
		SolutionGuid = {6F3C0EA0-4C12-4420-8DCA-F7E71E99AC76}
	EndGlobalSection
EndGlobal
